{
  "lockfileVersion": 1,
  "configVersion": 0,
  "workspaces": {
    "": {
      "dependencies": {
        "chart.js": "^4.4.7",
        "web-haptics": "^0.0.6",
      },
    },
  },
  "packages": {
    "@kurkle/color": ["@kurkle/color@0.3.4", "", {}, "sha512-M5UknZPHRu3DEDWoipU6sE8PdkZ6Z/S+v4dD+Ke8IaNlpdSQah50lz1KtcFBa2vsdOnwbbnxJwVM4wty6udA5w=="],

    "chart.js": ["chart.js@4.5.1", "", { "dependencies": { "@kurkle/color": "^0.3.0" } }, "sha512-GIjfiT9dbmHRiYi6Nl2yFCq7kkwdkp1W/lp2J99rX0yo9tgJGn3lKQATztIjb5tVtevcBtIdICNWqlq5+E8/Pw=="],

    "web-haptics": ["web-haptics@0.0.6", "", { "peerDependencies": { "react": ">=18", "react-dom": ">=18", "svelte": ">=4", "vue": ">=3" }, "optionalPeers": ["react", "react-dom", "svelte", "vue"] }, "sha512-eCzcf1LDi20+Fr0x9V3OkX92k0gxEQXaHajmhXHitsnk6SxPeshv8TBtBRqxyst8HI1uf2FyFVE7QS3jo1gkrw=="],
  }
}
